
Microsoft Visual Studio Solution File, Format Version 10.00
# Visual Studio 2008
Project("{FAE04EC0-301F-11D3-BF4B-00C04F79EFBC}") = "lib", "lib\lib.csproj", "{794FD980-C974-46B6-9ED1-F35B78D242F7}"
EndProject
Project("{FAE04EC0-301F-11D3-BF4B-00C04F79EFBC}") = "test", "test\test.csproj", "{77C775C1-D59D-4A5D-9162-D4DFB372CFF7}"
EndProject
Global
	GlobalSection(SolutionConfigurationPlatforms) = preSolution
		Debug|Any CPU = Debug|Any CPU
		Release|Any CPU = Release|Any CPU
	EndGlobalSection
	GlobalSection(ProjectConfigurationPlatforms) = postSolution
		{794FD980-C974-46B6-9ED1-F35B78D242F7}.Debug|Any CPU.ActiveCfg = Debug|Any CPU
		{794FD980-C974-46B6-9ED1-F35B78D242F7}.Debug|Any CPU.Build.0 = Debug|Any CPU
		{794FD980-C974-46B6-9ED1-F35B78D242F7}.Release|Any CPU.ActiveCfg = Release|Any CPU
		{794FD980-C974-46B6-9ED1-F35B78D242F7}.Release|Any CPU.Build.0 = Release|Any CPU
		{77C775C1-D59D-4A5D-9162-D4DFB372CFF7}.Debug|Any CPU.ActiveCfg = Debug|Any CPU
		{77C775C1-D59D-4A5D-9162-D4DFB372CFF7}.Debug|Any CPU.Build.0 = Debug|Any CPU
		{77C775C1-D59D-4A5D-9162-D4DFB372CFF7}.Release|Any CPU.ActiveCfg = Release|Any CPU
		{77C775C1-D59D-4A5D-9162-D4DFB372CFF7}.Release|Any CPU.Build.0 = Release|Any CPU
	EndGlobalSection
	GlobalSection(SolutionProperties) = preSolution
		HideSolutionNode = FALSE
	EndGlobalSection
EndGlobal
